
Microsoft Visual Studio Solution File, Format Version 12.00
# Visual Studio Version 17
VisualStudioVersion = 17.6.33417.168
MinimumVisualStudioVersion = 10.0.40219.1
Project("{9A19103F-16F7-4668-BE54-9A1E7A4F7556}") = "Knapsack", "Knapsack\Knapsack.csproj", "{998F3AE8-90D7-4B1B-BEEB-5804872541B9}"
EndProject
Project("{FAE04EC0-301F-11D3-BF4B-00C04F79EFBC}") = "UnitTests", "UnitTests\UnitTests.csproj", "{23B70499-8144-4CE5-8202-1D2F9941A5BC}"
EndProject
Project("{FAE04EC0-301F-11D3-BF4B-00C04F79EFBC}") = "com.mobiquity.packer.Packer", "com.mobiquity.packer.Packer\com.mobiquity.packer.Packer.csproj", "{95B62468-342A-49E9-80A9-A60DAFAC1A8E}"
EndProject
Global
	GlobalSection(SolutionConfigurationPlatforms) = preSolution
		Debug|Any CPU = Debug|Any CPU
		Release|Any CPU = Release|Any CPU
	EndGlobalSection
	GlobalSection(ProjectConfigurationPlatforms) = postSolution
		{998F3AE8-90D7-4B1B-BEEB-5804872541B9}.Debug|Any CPU.ActiveCfg = Debug|Any CPU
		{998F3AE8-90D7-4B1B-BEEB-5804872541B9}.Debug|Any CPU.Build.0 = Debug|Any CPU
		{998F3AE8-90D7-4B1B-BEEB-5804872541B9}.Release|Any CPU.ActiveCfg = Release|Any CPU
		{998F3AE8-90D7-4B1B-BEEB-5804872541B9}.Release|Any CPU.Build.0 = Release|Any CPU
		{23B70499-8144-4CE5-8202-1D2F9941A5BC}.Debug|Any CPU.ActiveCfg = Debug|Any CPU
		{23B70499-8144-4CE5-8202-1D2F9941A5BC}.Debug|Any CPU.Build.0 = Debug|Any CPU
		{23B70499-8144-4CE5-8202-1D2F9941A5BC}.Release|Any CPU.ActiveCfg = Release|Any CPU
		{23B70499-8144-4CE5-8202-1D2F9941A5BC}.Release|Any CPU.Build.0 = Release|Any CPU
		{95B62468-342A-49E9-80A9-A60DAFAC1A8E}.Debug|Any CPU.ActiveCfg = Debug|Any CPU
		{95B62468-342A-49E9-80A9-A60DAFAC1A8E}.Debug|Any CPU.Build.0 = Debug|Any CPU
		{95B62468-342A-49E9-80A9-A60DAFAC1A8E}.Release|Any CPU.ActiveCfg = Release|Any CPU
		{95B62468-342A-49E9-80A9-A60DAFAC1A8E}.Release|Any CPU.Build.0 = Release|Any CPU
	EndGlobalSection
	GlobalSection(SolutionProperties) = preSolution
		HideSolutionNode = FALSE
	EndGlobalSection
	GlobalSection(ExtensibilityGlobals) = postSolution
		SolutionGuid = {5513271B-F069-4E98-9B76-01CA35FB89A7}
	EndGlobalSection
EndGlobal
